// !$*UTF8*$!
{
	archiveVersion = 1;
	classes = {
	};
	objectVersion = 46;
	objects = {

/* Begin PBXBuildFile section */
		74E6AD871E1E5A66002900B5 /* main.m in Sources */ = {isa = PBXBuildFile; fileRef = 74E6AD861E1E5A66002900B5 /* main.m */; };
		74E6AD8A1E1E5A66002900B5 /* AppDelegate.m in Sources */ = {isa = PBXBuildFile; fileRef = 74E6AD891E1E5A66002900B5 /* AppDelegate.m */; };
		74E6AD8D1E1E5A66002900B5 /* ViewController.m in Sources */ = {isa = PBXBuildFile; fileRef = 74E6AD8C1E1E5A66002900B5 /* ViewController.m */; };
		74E6AD901E1E5A66002900B5 /* Main.storyboard in Resources */ = {isa = PBXBuildFile; fileRef = 74E6AD8E1E1E5A66002900B5 /* Main.storyboard */; };
		74E6AD921E1E5A66002900B5 /* Assets.xcassets in Resources */ = {isa = PBXBuildFile; fileRef = 74E6AD911E1E5A66002900B5 /* Assets.xcassets */; };
		74E6AD951E1E5A66002900B5 /* LaunchScreen.storyboard in Resources */ = {isa = PBXBuildFile; fileRef = 74E6AD931E1E5A66002900B5 /* LaunchScreen.storyboard */; };
		74E6ADA01E1E5A66002900B5 /* __________Tests.m in Sources */ = {isa = PBXBuildFile; fileRef = 74E6AD9F1E1E5A66002900B5 /* __________Tests.m */; };
		74E6ADAB1E1E5A66002900B5 /* __________UITests.m in Sources */ = {isa = PBXBuildFile; fileRef = 74E6ADAA1E1E5A66002900B5 /* __________UITests.m */; };
		74E6ADBA1E1E5ACD002900B5 /* ZAZoomHeaderView.m in Sources */ = {isa = PBXBuildFile; fileRef = 74E6ADB91E1E5ACD002900B5 /* ZAZoomHeaderView.m */; };
		74E6ADBD1E1E5AF6002900B5 /* SecondViewController.m in Sources */ = {isa = PBXBuildFile; fileRef = 74E6ADBC1E1E5AF6002900B5 /* SecondViewController.m */; };
		74E6ADC01E1E5B3C002900B5 /* UINavigationController+extention.m in Sources */ = {isa = PBXBuildFile; fileRef = 74E6ADBF1E1E5B3C002900B5 /* UINavigationController+extention.m */; };
		74E6ADC21E1E6544002900B5 /* girl.jpg in Resources */ = {isa = PBXBuildFile; fileRef = 74E6ADC11E1E6544002900B5 /* girl.jpg */; };
/* End PBXBuildFile section */

/* Begin PBXContainerItemProxy section */
		74E6AD9C1E1E5A66002900B5 /* PBXContainerItemProxy */ = {
			isa = PBXContainerItemProxy;
			containerPortal = 74E6AD7A1E1E5A66002900B5 /* Project object */;
			proxyType = 1;
			remoteGlobalIDString = 74E6AD811E1E5A66002900B5;
			remoteInfo = "头部视图随拉拽而变化";
		};
		74E6ADA71E1E5A66002900B5 /* PBXContainerItemProxy */ = {
			isa = PBXContainerItemProxy;
			containerPortal = 74E6AD7A1E1E5A66002900B5 /* Project object */;
			proxyType = 1;
			remoteGlobalIDString = 74E6AD811E1E5A66002900B5;
			remoteInfo = "头部视图随拉拽而变化";
		};
/* End PBXContainerItemProxy section */

/* Begin PBXFileReference section */
		74E6AD821E1E5A66002900B5 /* 头部视图随拉拽而变化.app */ = {isa = PBXFileReference; explicitFileType = wrapper.application; includeInIndex = 0; path = "头部视图随拉拽而变化.app"; sourceTree = BUILT_PRODUCTS_DIR; };
		74E6AD861E1E5A66002900B5 /* main.m */ = {isa = PBXFileReference; lastKnownFileType = sourcecode.c.objc; path = main.m; sourceTree = "<group>"; };
		74E6AD881E1E5A66002900B5 /* AppDelegate.h */ = {isa = PBXFileReference; lastKnownFileType = sourcecode.c.h; path = AppDelegate.h; sourceTree = "<group>"; };
		74E6AD891E1E5A66002900B5 /* AppDelegate.m */ = {isa = PBXFileReference; lastKnownFileType = sourcecode.c.objc; path = AppDelegate.m; sourceTree = "<group>"; };
		74E6AD8B1E1E5A66002900B5 /* ViewController.h */ = {isa = PBXFileReference; lastKnownFileType = sourcecode.c.h; path = ViewController.h; sourceTree = "<group>"; };
		74E6AD8C1E1E5A66002900B5 /* ViewController.m */ = {isa = PBXFileReference; lastKnownFileType = sourcecode.c.objc; path = ViewController.m; sourceTree = "<group>"; };
		74E6AD8F1E1E5A66002900B5 /* Base */ = {isa = PBXFileReference; lastKnownFileType = file.storyboard; name = Base; path = Base.lproj/Main.storyboard; sourceTree = "<group>"; };
		74E6AD911E1E5A66002900B5 /* Assets.xcassets */ = {isa = PBXFileReference; lastKnownFileType = folder.assetcatalog; path = Assets.xcassets; sourceTree = "<group>"; };
		74E6AD941E1E5A66002900B5 /* Base */ = {isa = PBXFileReference; lastKnownFileType = file.storyboard; name = Base; path = Base.lproj/LaunchScreen.storyboard; sourceTree = "<group>"; };
		74E6AD961E1E5A66002900B5 /* Info.plist */ = {isa = PBXFileReference; lastKnownFileType = text.plist.xml; path = Info.plist; sourceTree = "<group>"; };
		74E6AD9B1E1E5A66002900B5 /* 头部视图随拉拽而变化Tests.xctest */ = {isa = PBXFileReference; explicitFileType = wrapper.cfbundle; includeInIndex = 0; path = "头部视图随拉拽而变化Tests.xctest"; sourceTree = BUILT_PRODUCTS_DIR; };
		74E6AD9F1E1E5A66002900B5 /* __________Tests.m */ = {isa = PBXFileReference; lastKnownFileType = sourcecode.c.objc; path = "__________Tests.m"; sourceTree = "<group>"; };
		74E6ADA11E1E5A66002900B5 /* Info.plist */ = {isa = PBXFileReference; lastKnownFileType = text.plist.xml; path = Info.plist; sourceTree = "<group>"; };
		74E6ADA61E1E5A66002900B5 /* 头部视图随拉拽而变化UITests.xctest */ = {isa = PBXFileReference; explicitFileType = wrapper.cfbundle; includeInIndex = 0; path = "头部视图随拉拽而变化UITests.xctest"; sourceTree = BUILT_PRODUCTS_DIR; };
		74E6ADAA1E1E5A66002900B5 /* __________UITests.m */ = {isa = PBXFileReference; lastKnownFileType = sourcecode.c.objc; path = "__________UITests.m"; sourceTree = "<group>"; };
		74E6ADAC1E1E5A66002900B5 /* Info.plist */ = {isa = PBXFileReference; lastKnownFileType = text.plist.xml; path = Info.plist; sourceTree = "<group>"; };
		74E6ADB81E1E5ACD002900B5 /* ZAZoomHeaderView.h */ = {isa = PBXFileReference; fileEncoding = 4; lastKnownFileType = sourcecode.c.h; path = ZAZoomHeaderView.h; sourceTree = "<group>"; };
		74E6ADB91E1E5ACD002900B5 /* ZAZoomHeaderView.m */ = {isa = PBXFileReference; fileEncoding = 4; lastKnownFileType = sourcecode.c.objc; path = ZAZoomHeaderView.m; sourceTree = "<group>"; };
		74E6ADBB1E1E5AF6002900B5 /* SecondViewController.h */ = {isa = PBXFileReference; fileEncoding = 4; lastKnownFileType = sourcecode.c.h; path = SecondViewController.h; sourceTree = "<group>"; };
		74E6ADBC1E1E5AF6002900B5 /* SecondViewController.m */ = {isa = PBXFileReference; fileEncoding = 4; lastKnownFileType = sourcecode.c.objc; path = SecondViewController.m; sourceTree = "<group>"; };
		74E6ADBE1E1E5B3C002900B5 /* UINavigationController+extention.h */ = {isa = PBXFileReference; fileEncoding = 4; lastKnownFileType = sourcecode.c.h; path = "UINavigationController+extention.h"; sourceTree = "<group>"; };
		74E6ADBF1E1E5B3C002900B5 /* UINavigationController+extention.m */ = {isa = PBXFileReference; fileEncoding = 4; lastKnownFileType = sourcecode.c.objc; path = "UINavigationController+extention.m"; sourceTree = "<group>"; };
		74E6ADC11E1E6544002900B5 /* girl.jpg */ = {isa = PBXFileReference; lastKnownFileType = image.jpeg; path = girl.jpg; sourceTree = "<group>"; };
/* End PBXFileReference section */

/* Begin PBXFrameworksBuildPhase section */
		74E6AD7F1E1E5A66002900B5 /* Frameworks */ = {
			isa = PBXFrameworksBuildPhase;
			buildActionMask = 2147483647;
			files = (
			);
			runOnlyForDeploymentPostprocessing = 0;
		};
		74E6AD981E1E5A66002900B5 /* Frameworks */ = {
			isa = PBXFrameworksBuildPhase;
			buildActionMask = 2147483647;
			files = (
			);
			runOnlyForDeploymentPostprocessing = 0;
		};
		74E6ADA31E1E5A66002900B5 /* Frameworks */ = {
			isa = PBXFrameworksBuildPhase;
			buildActionMask = 2147483647;
			files = (
			);
			runOnlyForDeploymentPostprocessing = 0;
		};
/* End PBXFrameworksBuildPhase section */

/* Begin PBXGroup section */
		74E6AD791E1E5A66002900B5 = {
			isa = PBXGroup;
			children = (
				74E6AD841E1E5A66002900B5 /* 头部视图随拉拽而变化 */,
				74E6AD9E1E1E5A66002900B5 /* 头部视图随拉拽而变化Tests */,
				74E6ADA91E1E5A66002900B5 /* 头部视图随拉拽而变化UITests */,
				74E6AD831E1E5A66002900B5 /* Products */,
			);
			sourceTree = "<group>";
		};
		74E6AD831E1E5A66002900B5 /* Products */ = {
			isa = PBXGroup;
			children = (
				74E6AD821E1E5A66002900B5 /* 头部视图随拉拽而变化.app */,
				74E6AD9B1E1E5A66002900B5 /* 头部视图随拉拽而变化Tests.xctest */,
				74E6ADA61E1E5A66002900B5 /* 头部视图随拉拽而变化UITests.xctest */,
			);
			name = Products;
			sourceTree = "<group>";
		};
		74E6AD841E1E5A66002900B5 /* 头部视图随拉拽而变化 */ = {
			isa = PBXGroup;
			children = (
				74E6ADC11E1E6544002900B5 /* girl.jpg */,
				74E6AD881E1E5A66002900B5 /* AppDelegate.h */,
				74E6AD891E1E5A66002900B5 /* AppDelegate.m */,
				74E6AD8B1E1E5A66002900B5 /* ViewController.h */,
				74E6AD8C1E1E5A66002900B5 /* ViewController.m */,
				74E6ADB81E1E5ACD002900B5 /* ZAZoomHeaderView.h */,
				74E6ADB91E1E5ACD002900B5 /* ZAZoomHeaderView.m */,
				74E6ADBB1E1E5AF6002900B5 /* SecondViewController.h */,
				74E6ADBC1E1E5AF6002900B5 /* SecondViewController.m */,
				74E6ADBE1E1E5B3C002900B5 /* UINavigationController+extention.h */,
				74E6ADBF1E1E5B3C002900B5 /* UINavigationController+extention.m */,
				74E6AD8E1E1E5A66002900B5 /* Main.storyboard */,
				74E6AD911E1E5A66002900B5 /* Assets.xcassets */,
				74E6AD931E1E5A66002900B5 /* LaunchScreen.storyboard */,
				74E6AD961E1E5A66002900B5 /* Info.plist */,
				74E6AD851E1E5A66002900B5 /* Supporting Files */,
			);
			path = "头部视图随拉拽而变化";
			sourceTree = "<group>";
		};
		74E6AD851E1E5A66002900B5 /* Supporting Files */ = {
			isa = PBXGroup;
			children = (
				74E6AD861E1E5A66002900B5 /* main.m */,
			);
			name = "Supporting Files";
			sourceTree = "<group>";
		};
		74E6AD9E1E1E5A66002900B5 /* 头部视图随拉拽而变化Tests */ = {
			isa = PBXGroup;
			children = (
				74E6AD9F1E1E5A66002900B5 /* __________Tests.m */,
				74E6ADA11E1E5A66002900B5 /* Info.plist */,
			);
			path = "头部视图随拉拽而变化Tests";
			sourceTree = "<group>";
		};
		74E6ADA91E1E5A66002900B5 /* 头部视图随拉拽而变化UITests */ = {
			isa = PBXGroup;
			children = (
				74E6ADAA1E1E5A66002900B5 /* __________UITests.m */,
				74E6ADAC1E1E5A66002900B5 /* Info.plist */,
			);
			path = "头部视图随拉拽而变化UITests";
			sourceTree = "<group>";
		};
/* End PBXGroup section */

/* Begin PBXNativeTarget section */
		74E6AD811E1E5A66002900B5 /* 头部视图随拉拽而变化 */ = {
			isa = PBXNativeTarget;
			buildConfigurationList = 74E6ADAF1E1E5A66002900B5 /* Build configuration list for PBXNativeTarget "头部视图随拉拽而变化" */;
			buildPhases = (
				74E6AD7E1E1E5A66002900B5 /* Sources */,
				74E6AD7F1E1E5A66002900B5 /* Frameworks */,
				74E6AD801E1E5A66002900B5 /* Resources */,
			);
			buildRules = (
			);
			dependencies = (
			);
			name = "头部视图随拉拽而变化";
			productName = "头部视图随拉拽而变化";
			productReference = 74E6AD821E1E5A66002900B5 /* 头部视图随拉拽而变化.app */;
			productType = "com.apple.product-type.application";
		};
		74E6AD9A1E1E5A66002900B5 /* 头部视图随拉拽而变化Tests */ = {
			isa = PBXNativeTarget;
			buildConfigurationList = 74E6ADB21E1E5A66002900B5 /* Build configuration list for PBXNativeTarget "头部视图随拉拽而变化Tests" */;
			buildPhases = (
				74E6AD971E1E5A66002900B5 /* Sources */,
				74E6AD981E1E5A66002900B5 /* Frameworks */,
				74E6AD991E1E5A66002900B5 /* Resources */,
			);
			buildRules = (
			);
			dependencies = (
				74E6AD9D1E1E5A66002900B5 /* PBXTargetDependency */,
			);
			name = "头部视图随拉拽而变化Tests";
			productName = "头部视图随拉拽而变化Tests";
			productReference = 74E6AD9B1E1E5A66002900B5 /* 头部视图随拉拽而变化Tests.xctest */;
			productType = "com.apple.product-type.bundle.unit-test";
		};
		74E6ADA51E1E5A66002900B5 /* 头部视图随拉拽而变化UITests */ = {
			isa = PBXNativeTarget;
			buildConfigurationList = 74E6ADB51E1E5A66002900B5 /* Build configuration list for PBXNativeTarget "头部视图随拉拽而变化UITests" */;
			buildPhases = (
				74E6ADA21E1E5A66002900B5 /* Sources */,
				74E6ADA31E1E5A66002900B5 /* Frameworks */,
				74E6ADA41E1E5A66002900B5 /* Resources */,
			);
			buildRules = (
			);
			dependencies = (
				74E6ADA81E1E5A66002900B5 /* PBXTargetDependency */,
			);
			name = "头部视图随拉拽而变化UITests";
			productName = "头部视图随拉拽而变化UITests";
			productReference = 74E6ADA61E1E5A66002900B5 /* 头部视图随拉拽而变化UITests.xctest */;
			productType = "com.apple.product-type.bundle.ui-testing";
		};
/* End PBXNativeTarget section */

/* Begin PBXProject section */
		74E6AD7A1E1E5A66002900B5 /* Project object */ = {
			isa = PBXProject;
			attributes = {
				LastUpgradeCheck = 0730;
				ORGANIZATIONNAME = "纵昂";
				TargetAttributes = {
					74E6AD811E1E5A66002900B5 = {
						CreatedOnToolsVersion = 7.3.1;
					};
					74E6AD9A1E1E5A66002900B5 = {
						CreatedOnToolsVersion = 7.3.1;
						TestTargetID = 74E6AD811E1E5A66002900B5;
					};
					74E6ADA51E1E5A66002900B5 = {
						CreatedOnToolsVersion = 7.3.1;
						TestTargetID = 74E6AD811E1E5A66002900B5;
					};
				};
			};
			buildConfigurationList = 74E6AD7D1E1E5A66002900B5 /* Build configuration list for PBXProject "头部视图随拉拽而变化" */;
			compatibilityVersion = "Xcode 3.2";
			developmentRegion = English;
			hasScannedForEncodings = 0;
			knownRegions = (
				en,
				Base,
			);
			mainGroup = 74E6AD791E1E5A66002900B5;
			productRefGroup = 74E6AD831E1E5A66002900B5 /* Products */;
			projectDirPath = "";
			projectRoot = "";
			targets = (
				74E6AD811E1E5A66002900B5 /* 头部视图随拉拽而变化 */,
				74E6AD9A1E1E5A66002900B5 /* 头部视图随拉拽而变化Tests */,
				74E6ADA51E1E5A66002900B5 /* 头部视图随拉拽而变化UITests */,
			);
		};
/* End PBXProject section */

/* Begin PBXResourcesBuildPhase section */
		74E6AD801E1E5A66002900B5 /* Resources */ = {
			isa = PBXResourcesBuildPhase;
			buildActionMask = 2147483647;
			files = (
				74E6AD951E1E5A66002900B5 /* LaunchScreen.storyboard in Resources */,
				74E6ADC21E1E6544002900B5 /* girl.jpg in Resources */,
				74E6AD921E1E5A66002900B5 /* Assets.xcassets in Resources */,
				74E6AD901E1E5A66002900B5 /* Main.storyboard in Resources */,
			);
			runOnlyForDeploymentPostprocessing = 0;
		};
		74E6AD991E1E5A66002900B5 /* Resources */ = {
			isa = PBXResourcesBuildPhase;
			buildActionMask = 2147483647;
			files = (
			);
			runOnlyForDeploymentPostprocessing = 0;
		};
		74E6ADA41E1E5A66002900B5 /* Resources */ = {
			isa = PBXResourcesBuildPhase;
			buildActionMask = 2147483647;
			files = (
			);
			runOnlyForDeploymentPostprocessing = 0;
		};
/* End PBXResourcesBuildPhase section */

/* Begin PBXSourcesBuildPhase section */
		74E6AD7E1E1E5A66002900B5 /* Sources */ = {
			isa = PBXSourcesBuildPhase;
			buildActionMask = 2147483647;
			files = (
				74E6ADC01E1E5B3C002900B5 /* UINavigationController+extention.m in Sources */,
				74E6ADBD1E1E5AF6002900B5 /* SecondViewController.m in Sources */,
				74E6AD8D1E1E5A66002900B5 /* ViewController.m in Sources */,
				74E6ADBA1E1E5ACD002900B5 /* ZAZoomHeaderView.m in Sources */,
				74E6AD8A1E1E5A66002900B5 /* AppDelegate.m in Sources */,
				74E6AD871E1E5A66002900B5 /* main.m in Sources */,
			);
			runOnlyForDeploymentPostprocessing = 0;
		};
		74E6AD971E1E5A66002900B5 /* Sources */ = {
			isa = PBXSourcesBuildPhase;
			buildActionMask = 2147483647;
			files = (
				74E6ADA01E1E5A66002900B5 /* __________Tests.m in Sources */,
			);
			runOnlyForDeploymentPostprocessing = 0;
		};
		74E6ADA21E1E5A66002900B5 /* Sources */ = {
			isa = PBXSourcesBuildPhase;
			buildActionMask = 2147483647;
			files = (
				74E6ADAB1E1E5A66002900B5 /* __________UITests.m in Sources */,
			);
			runOnlyForDeploymentPostprocessing = 0;
		};
/* End PBXSourcesBuildPhase section */

/* Begin PBXTargetDependency section */
		74E6AD9D1E1E5A66002900B5 /* PBXTargetDependency */ = {
			isa = PBXTargetDependency;
			target = 74E6AD811E1E5A66002900B5 /* 头部视图随拉拽而变化 */;
			targetProxy = 74E6AD9C1E1E5A66002900B5 /* PBXContainerItemProxy */;
		};
		74E6ADA81E1E5A66002900B5 /* PBXTargetDependency */ = {
			isa = PBXTargetDependency;
			target = 74E6AD811E1E5A66002900B5 /* 头部视图随拉拽而变化 */;
			targetProxy = 74E6ADA71E1E5A66002900B5 /* PBXContainerItemProxy */;
		};
/* End PBXTargetDependency section */

/* Begin PBXVariantGroup section */
		74E6AD8E1E1E5A66002900B5 /* Main.storyboard */ = {
			isa = PBXVariantGroup;
			children = (
				74E6AD8F1E1E5A66002900B5 /* Base */,
			);
			name = Main.storyboard;
			sourceTree = "<group>";
		};
		74E6AD931E1E5A66002900B5 /* LaunchScreen.storyboard */ = {
			isa = PBXVariantGroup;
			children = (
				74E6AD941E1E5A66002900B5 /* Base */,
			);
			name = LaunchScreen.storyboard;
			sourceTree = "<group>";
		};
/* End PBXVariantGroup section */

/* Begin XCBuildConfiguration section */
		74E6ADAD1E1E5A66002900B5 /* Debug */ = {
			isa = XCBuildConfiguration;
			buildSettings = {
				ALWAYS_SEARCH_USER_PATHS = NO;
				CLANG_ANALYZER_NONNULL = YES;
				CLANG_CXX_LANGUAGE_STANDARD = "gnu++0x";
				CLANG_CXX_LIBRARY = "libc++";
				CLANG_ENABLE_MODULES = YES;
				CLANG_ENABLE_OBJC_ARC = YES;
				CLANG_WARN_BOOL_CONVERSION = YES;
				CLANG_WARN_CONSTANT_CONVERSION = YES;
				CLANG_WARN_DIRECT_OBJC_ISA_USAGE = YES_ERROR;
				CLANG_WARN_EMPTY_BODY = YES;
				CLANG_WARN_ENUM_CONVERSION = YES;
				CLANG_WARN_INT_CONVERSION = YES;
				CLANG_WARN_OBJC_ROOT_CLASS = YES_ERROR;
				CLANG_WARN_UNREACHABLE_CODE = YES;
				CLANG_WARN__DUPLICATE_METHOD_MATCH = YES;
				"CODE_SIGN_IDENTITY[sdk=iphoneos*]" = "iPhone Developer";
				COPY_PHASE_STRIP = NO;
				DEBUG_INFORMATION_FORMAT = dwarf;
				ENABLE_STRICT_OBJC_MSGSEND = YES;
				ENABLE_TESTABILITY = YES;
				GCC_C_LANGUAGE_STANDARD = gnu99;
				GCC_DYNAMIC_NO_PIC = NO;
				GCC_NO_COMMON_BLOCKS = YES;
				GCC_OPTIMIZATION_LEVEL = 0;
				GCC_PREPROCESSOR_DEFINITIONS = (
					"DEBUG=1",
					"$(inherited)",
				);
				GCC_WARN_64_TO_32_BIT_CONVERSION = YES;
				GCC_WARN_ABOUT_RETURN_TYPE = YES_ERROR;
				GCC_WARN_UNDECLARED_SELECTOR = YES;
				GCC_WARN_UNINITIALIZED_AUTOS = YES_AGGRESSIVE;
				GCC_WARN_UNUSED_FUNCTION = YES;
				GCC_WARN_UNUSED_VARIABLE = YES;
				IPHONEOS_DEPLOYMENT_TARGET = 9.3;
				MTL_ENABLE_DEBUG_INFO = YES;
				ONLY_ACTIVE_ARCH = YES;
				SDKROOT = iphoneos;
				TARGETED_DEVICE_FAMILY = "1,2";
			};
			name = Debug;
		};
		74E6ADAE1E1E5A66002900B5 /* Release */ = {
			isa = XCBuildConfiguration;
			buildSettings = {
				ALWAYS_SEARCH_USER_PATHS = NO;
				CLANG_ANALYZER_NONNULL = YES;
				CLANG_CXX_LANGUAGE_STANDARD = "gnu++0x";
				CLANG_CXX_LIBRARY = "libc++";
				CLANG_ENABLE_MODULES = YES;
				CLANG_ENABLE_OBJC_ARC = YES;
				CLANG_WARN_BOOL_CONVERSION = YES;
				CLANG_WARN_CONSTANT_CONVERSION = YES;
				CLANG_WARN_DIRECT_OBJC_ISA_USAGE = YES_ERROR;
				CLANG_WARN_EMPTY_BODY = YES;
				CLANG_WARN_ENUM_CONVERSION = YES;
				CLANG_WARN_INT_CONVERSION = YES;
				CLANG_WARN_OBJC_ROOT_CLASS = YES_ERROR;
				CLANG_WARN_UNREACHABLE_CODE = YES;
				CLANG_WARN__DUPLICATE_METHOD_MATCH = YES;
				"CODE_SIGN_IDENTITY[sdk=iphoneos*]" = "iPhone Developer";
				COPY_PHASE_STRIP = NO;
				DEBUG_INFORMATION_FORMAT = "dwarf-with-dsym";
				ENABLE_NS_ASSERTIONS = NO;
				ENABLE_STRICT_OBJC_MSGSEND = YES;
				GCC_C_LANGUAGE_STANDARD = gnu99;
				GCC_NO_COMMON_BLOCKS = YES;
				GCC_WARN_64_TO_32_BIT_CONVERSION = YES;
				GCC_WARN_ABOUT_RETURN_TYPE = YES_ERROR;
				GCC_WARN_UNDECLARED_SELECTOR = YES;
				GCC_WARN_UNINITIALIZED_AUTOS = YES_AGGRESSIVE;
				GCC_WARN_UNUSED_FUNCTION = YES;
				GCC_WARN_UNUSED_VARIABLE = YES;
				IPHONEOS_DEPLOYMENT_TARGET = 9.3;
				MTL_ENABLE_DEBUG_INFO = NO;
				SDKROOT = iphoneos;
				TARGETED_DEVICE_FAMILY = "1,2";
				VALIDATE_PRODUCT = YES;
			};
			name = Release;
		};
		74E6ADB01E1E5A66002900B5 /* Debug */ = {
			isa = XCBuildConfiguration;
			buildSettings = {
				ASSETCATALOG_COMPILER_APPICON_NAME = AppIcon;
				INFOPLIST_FILE = "头部视图随拉拽而变化/Info.plist";
				LD_RUNPATH_SEARCH_PATHS = "$(inherited) @executable_path/Frameworks";
				PRODUCT_BUNDLE_IDENTIFIER = "-23.----------";
				PRODUCT_NAME = "$(TARGET_NAME)";
			};
			name = Debug;
		};
		74E6ADB11E1E5A66002900B5 /* Release */ = {
			isa = XCBuildConfiguration;
			buildSettings = {
				ASSETCATALOG_COMPILER_APPICON_NAME = AppIcon;
				INFOPLIST_FILE = "头部视图随拉拽而变化/Info.plist";
				LD_RUNPATH_SEARCH_PATHS = "$(inherited) @executable_path/Frameworks";
				PRODUCT_BUNDLE_IDENTIFIER = "-23.----------";
				PRODUCT_NAME = "$(TARGET_NAME)";
			};
			name = Release;
		};
		74E6ADB31E1E5A66002900B5 /* Debug */ = {
			isa = XCBuildConfiguration;
			buildSettings = {
				BUNDLE_LOADER = "$(TEST_HOST)";
				INFOPLIST_FILE = "头部视图随拉拽而变化Tests/Info.plist";
				LD_RUNPATH_SEARCH_PATHS = "$(inherited) @executable_path/Frameworks @loader_path/Frameworks";
				PRODUCT_BUNDLE_IDENTIFIER = "-23.----------Tests";
				PRODUCT_NAME = "$(TARGET_NAME)";
				TEST_HOST = "$(BUILT_PRODUCTS_DIR)/头部视图随拉拽而变化.app/头部视图随拉拽而变化";
			};
			name = Debug;
		};
		74E6ADB41E1E5A66002900B5 /* Release */ = {
			isa = XCBuildConfiguration;
			buildSettings = {
				BUNDLE_LOADER = "$(TEST_HOST)";
				INFOPLIST_FILE = "头部视图随拉拽而变化Tests/Info.plist";
				LD_RUNPATH_SEARCH_PATHS = "$(inherited) @executable_path/Frameworks @loader_path/Frameworks";
				PRODUCT_BUNDLE_IDENTIFIER = "-23.----------Tests";
				PRODUCT_NAME = "$(TARGET_NAME)";
				TEST_HOST = "$(BUILT_PRODUCTS_DIR)/头部视图随拉拽而变化.app/头部视图随拉拽而变化";
			};
			name = Release;
		};
		74E6ADB61E1E5A66002900B5 /* Debug */ = {
			isa = XCBuildConfiguration;
			buildSettings = {
				INFOPLIST_FILE = "头部视图随拉拽而变化UITests/Info.plist";
				LD_RUNPATH_SEARCH_PATHS = "$(inherited) @executable_path/Frameworks @loader_path/Frameworks";
				PRODUCT_BUNDLE_IDENTIFIER = "-23.----------UITests";
				PRODUCT_NAME = "$(TARGET_NAME)";
				TEST_TARGET_NAME = "头部视图随拉拽而变化";
			};
			name = Debug;
		};
		74E6ADB71E1E5A66002900B5 /* Release */ = {
			isa = XCBuildConfiguration;
			buildSettings = {
				INFOPLIST_FILE = "头部视图随拉拽而变化UITests/Info.plist";
				LD_RUNPATH_SEARCH_PATHS = "$(inherited) @executable_path/Frameworks @loader_path/Frameworks";
				PRODUCT_BUNDLE_IDENTIFIER = "-23.----------UITests";
				PRODUCT_NAME = "$(TARGET_NAME)";
				TEST_TARGET_NAME = "头部视图随拉拽而变化";
			};
			name = Release;
		};
/* End XCBuildConfiguration section */

/* Begin XCConfigurationList section */
		74E6AD7D1E1E5A66002900B5 /* Build configuration list for PBXProject "头部视图随拉拽而变化" */ = {
			isa = XCConfigurationList;
			buildConfigurations = (
				74E6ADAD1E1E5A66002900B5 /* Debug */,
				74E6ADAE1E1E5A66002900B5 /* Release */,
			);
			defaultConfigurationIsVisible = 0;
			defaultConfigurationName = Release;
		};
		74E6ADAF1E1E5A66002900B5 /* Build configuration list for PBXNativeTarget "头部视图随拉拽而变化" */ = {
			isa = XCConfigurationList;
			buildConfigurations = (
				74E6ADB01E1E5A66002900B5 /* Debug */,
				74E6ADB11E1E5A66002900B5 /* Release */,
			);
			defaultConfigurationIsVisible = 0;
		};
		74E6ADB21E1E5A66002900B5 /* Build configuration list for PBXNativeTarget "头部视图随拉拽而变化Tests" */ = {
			isa = XCConfigurationList;
			buildConfigurations = (
				74E6ADB31E1E5A66002900B5 /* Debug */,
				74E6ADB41E1E5A66002900B5 /* Release */,
			);
			defaultConfigurationIsVisible = 0;
		};
		74E6ADB51E1E5A66002900B5 /* Build configuration list for PBXNativeTarget "头部视图随拉拽而变化UITests" */ = {
			isa = XCConfigurationList;
			buildConfigurations = (
				74E6ADB61E1E5A66002900B5 /* Debug */,
				74E6ADB71E1E5A66002900B5 /* Release */,
			);
			defaultConfigurationIsVisible = 0;
		};
/* End XCConfigurationList section */
	};
	rootObject = 74E6AD7A1E1E5A66002900B5 /* Project object */;
}
